
Microsoft Visual Studio Solution File, Format Version 12.00
# Blend for Visual Studio 15
VisualStudioVersion = 15.0.28307.1525
MinimumVisualStudioVersion = 10.0.40219.1
Project("{FAE04EC0-301F-11D3-BF4B-00C04F79EFBC}") = "AndroidPurger", "AndroidPurger\AndroidPurger.csproj", "{3FCC3CBB-42B3-4B9E-A554-44326ED274A3}"
EndProject
Global
	GlobalSection(SolutionConfigurationPlatforms) = preSolution
		Debug|Any CPU = Debug|Any CPU
		Debug|x64 = Debug|x64
		Release|Any CPU = Release|Any CPU
		Release|x64 = Release|x64
	EndGlobalSection
	GlobalSection(ProjectConfigurationPlatforms) = postSolution
		{3FCC3CBB-42B3-4B9E-A554-44326ED274A3}.Debug|Any CPU.ActiveCfg = Debug|Any CPU
		{3FCC3CBB-42B3-4B9E-A554-44326ED274A3}.Debug|Any CPU.Build.0 = Debug|Any CPU
		{3FCC3CBB-42B3-4B9E-A554-44326ED274A3}.Debug|x64.ActiveCfg = Debug|x64
		{3FCC3CBB-42B3-4B9E-A554-44326ED274A3}.Debug|x64.Build.0 = Debug|x64
		{3FCC3CBB-42B3-4B9E-A554-44326ED274A3}.Release|Any CPU.ActiveCfg = Release|Any CPU
		{3FCC3CBB-42B3-4B9E-A554-44326ED274A3}.Release|Any CPU.Build.0 = Release|Any CPU
		{3FCC3CBB-42B3-4B9E-A554-44326ED274A3}.Release|x64.ActiveCfg = Release|x64
		{3FCC3CBB-42B3-4B9E-A554-44326ED274A3}.Release|x64.Build.0 = Release|x64
	EndGlobalSection
	GlobalSection(SolutionProperties) = preSolution
		HideSolutionNode = FALSE
	EndGlobalSection
	GlobalSection(ExtensibilityGlobals) = postSolution
		SolutionGuid = {059041CE-6BCA-4A7E-A701-01F5F4B19EEF}
	EndGlobalSection
EndGlobal
